<?xml version="1.0" encoding="utf-8"?>
<Project ToolsVersion="4.0" xmlns="http://schemas.microsoft.com/developer/msbuild/2003">
  <ItemGroup>
    <Filter Include="Source Files">
      <UniqueIdentifier>{4FC737F1-C7A5-4376-A066-2A32D752A2FF}</UniqueIdentifier>
      <Extensions>cpp;c;cc;cxx;c++;cppm;ixx;def;odl;idl;hpj;bat;asm;asmx</Extensions>
    </Filter>
    <Filter Include="Header Files">
      <UniqueIdentifier>{93995380-89BD-4b04-88EB-625FBE52EBFB}</UniqueIdentifier>
      <Extensions>h;hh;hpp;hxx;h++;hm;inl;inc;ipp;xsd</Extensions>
    </Filter>
    <Filter Include="Resource Files">
      <UniqueIdentifier>{67DA6AB6-F800-4c08-8B7A-83BB121AAD01}</UniqueIdentifier>
      <Extensions>rc;ico;cur;bmp;dlg;rc2;rct;bin;rgs;gif;jpg;jpeg;jpe;resx;tiff;tif;png;wav;mfcribbon-ms</Extensions>
    </Filter>
  </ItemGroup>
  <ItemGroup>
    <ClCompile Include="src\startup.cpp">
      <Filter>Source Files</Filter>
    </ClCompile>
    <ClCompile Include="..\vendor\safetyhook.cpp">
      <Filter>Source Files</Filter>
    </ClCompile>
    <ClCompile Include="..\vendor\Zydis.c">
      <Filter>Source Files</Filter>
    </ClCompile>
    <ClCompile Include="src\Core\Deadworks.cpp">
      <Filter>Source Files</Filter>
    </ClCompile>
    <ClCompile Include="src\Hosting\DotNetHost.cpp">
      <Filter>Source Files</Filter>
    </ClCompile>
    <ClCompile Include="src\Core\Hooks\CoreHooks.cpp">
      <Filter>Source Files</Filter>
    </ClCompile>
    <ClCompile Include="..\protobuf\base_gcmessages.pb.cc">
      <Filter>Source Files</Filter>
    </ClCompile>
    <ClCompile Include="..\protobuf\citadel_clientmessages.pb.cc">
      <Filter>Source Files</Filter>
    </ClCompile>
    <ClCompile Include="..\protobuf\citadel_gcmessages_common.pb.cc">
      <Filter>Source Files</Filter>
    </ClCompile>
    <ClCompile Include="..\protobuf\gcsdk_gcmessages.pb.cc">
      <Filter>Source Files</Filter>
    </ClCompile>
    <ClCompile Include="..\protobuf\netmessages.pb.cc">
      <Filter>Source Files</Filter>
    </ClCompile>
    <ClCompile Include="..\protobuf\network_connection.pb.cc">
      <Filter>Source Files</Filter>
    </ClCompile>
    <ClCompile Include="..\protobuf\networkbasetypes.pb.cc">
      <Filter>Source Files</Filter>
    </ClCompile>
    <ClCompile Include="..\protobuf\steammessages.pb.cc">
      <Filter>Source Files</Filter>
    </ClCompile>
    <ClCompile Include="..\protobuf\steammessages_steamlearn.steamworkssdk.pb.cc">
      <Filter>Source Files</Filter>
    </ClCompile>
    <ClCompile Include="..\protobuf\steammessages_unified_base.steamworkssdk.pb.cc">
      <Filter>Source Files</Filter>
    </ClCompile>
    <ClCompile Include="..\protobuf\valveextensions.pb.cc">
      <Filter>Source Files</Filter>
    </ClCompile>
    <ClCompile Include="src\Core\Hooks\Source2GameClients.cpp">
      <Filter>Source Files</Filter>
    </ClCompile>
    <ClCompile Include="src\Core\Hooks\Source2Server.cpp">
      <Filter>Source Files</Filter>
    </ClCompile>
    <ClCompile Include="src\Core\Hooks\CServerSideClientBase.cpp">
      <Filter>Source Files</Filter>
    </ClCompile>
    <ClCompile Include="src\Core\Hooks\CCitadelPlayerPawn.cpp">
      <Filter>Source Files</Filter>
    </ClCompile>
    <ClCompile Include="src\Core\Hooks\PostEventAbstract.cpp">
      <Filter>Source Files</Filter>
    </ClCompile>
    <ClCompile Include="src\Core\Hooks\GameEvents.cpp">
      <Filter>Source Files</Filter>
    </ClCompile>
    <ClCompile Include="..\protobuf\networksystem_protomessages.pb.cc">
      <Filter>Source Files</Filter>
    </ClCompile>
    <ClCompile Include="..\protobuf\source2_steam_stats.pb.cc">
      <Filter>Source Files</Filter>
    </ClCompile>
    <ClCompile Include="src\Memory\Scanner.cpp">
      <Filter>Source Files</Filter>
    </ClCompile>
    <ClCompile Include="src\SDK\Schema\Schema.cpp">
      <Filter>Source Files</Filter>
    </ClCompile>
    <ClCompile Include="src\SDK\Interfaces.cpp">
      <Filter>Source Files</Filter>
    </ClCompile>
    <ClCompile Include="..\sourcesdk\entity2\entitysystem.cpp">
      <Filter>Source Files</Filter>
    </ClCompile>
    <ClCompile Include="..\sourcesdk\entity2\entityidentity.cpp">
      <Filter>Source Files</Filter>
    </ClCompile>
    <ClCompile Include="..\protobuf\citadel_usermessages.pb.cc">
      <Filter>Source Files</Filter>
    </ClCompile>
    <ClCompile Include="..\protobuf\gameevents.pb.cc">
      <Filter>Source Files</Filter>
    </ClCompile>
    <ClCompile Include="..\sourcesdk\tier1\convar.cpp">
      <Filter>Source Files</Filter>
    </ClCompile>
    <ClCompile Include="src\Core\Hooks\CBaseEntity.cpp">
      <Filter>Source Files</Filter>
    </ClCompile>
    <ClCompile Include="src\Core\Hooks\NetworkServerService.cpp">
      <Filter>Source Files</Filter>
    </ClCompile>
    <ClCompile Include="..\sourcesdk\tier1\keyvalues3.cpp">
      <Filter>Source Files</Filter>
    </ClCompile>
    <ClCompile Include="src\pch.cpp">
      <Filter>Source Files</Filter>
    </ClCompile>
    <ClCompile Include="..\sourcesdk\entity2\entitykeyvalues.cpp">
      <Filter>Source Files</Filter>
    </ClCompile>
    <ClCompile Include="src\Core\Hooks\CCitadelPlayerController.cpp">
      <Filter>Source Files</Filter>
    </ClCompile>
    <ClCompile Include="src\Core\Hooks\TraceShape.cpp">
      <Filter>Source Files</Filter>
    </ClCompile>
    <ClCompile Include="src\Core\Hooks\EntityIO.cpp">
      <Filter>Source Files</Filter>
    </ClCompile>
    <ClCompile Include="src\Core\Hooks\ProcessUsercmds.cpp">
      <Filter>Source Files</Filter>
    </ClCompile>
    <ClCompile Include="src\Core\Hooks\AbilityThink.cpp">
      <Filter>Source Files</Filter>
    </ClCompile>
    <ClCompile Include="src\Core\NativeCallbacks.cpp">
      <Filter>Source Files</Filter>
    </ClCompile>
    <ClCompile Include="src\Core\NativeAbility.cpp">
      <Filter>Source Files</Filter>
    </ClCompile>
    <ClCompile Include="src\Core\NativeDamage.cpp">
      <Filter>Source Files</Filter>
    </ClCompile>
    <ClCompile Include="src\Core\NativeHero.cpp">
      <Filter>Source Files</Filter>
    </ClCompile>
    <ClCompile Include="src\Core\ManagedCallbacks.cpp">
      <Filter>Source Files</Filter>
    </ClCompile>
    <ClCompile Include="src\Core\Hooks\BuildGameSessionManifest.cpp">
      <Filter>Source Files</Filter>
    </ClCompile>
    <ClCompile Include="src\Memory\MemoryDataLoader.cpp">
      <Filter>Source Files</Filter>
    </ClCompile>
  </ItemGroup>
  <ItemGroup>
    <ClInclude Include="src\Lib\Module.hpp">
      <Filter>Header Files</Filter>
    </ClInclude>
    <ClInclude Include="..\vendor\Zydis.h">
      <Filter>Header Files</Filter>
    </ClInclude>
    <ClInclude Include="..\vendor\safetyhook.hpp">
      <Filter>Header Files</Filter>
    </ClInclude>
    <ClInclude Include="..\vendor\nlohmann\json.hpp">
      <Filter>Header Files</Filter>
    </ClInclude>
    <ClInclude Include="..\vendor\nlohmann\json_fwd.hpp">
      <Filter>Header Files</Filter>
    </ClInclude>
    <ClInclude Include="src\Memory\MemoryDataLoader.hpp">
      <Filter>Header Files</Filter>
    </ClInclude>
    <ClInclude Include="src\Memory\Scanner.hpp">
      <Filter>Header Files</Filter>
    </ClInclude>
    <ClInclude Include="src\Logging\Logger.hpp">
      <Filter>Header Files</Filter>
    </ClInclude>
    <ClInclude Include="src\Utils\Chrono.hpp">
      <Filter>Header Files</Filter>
    </ClInclude>
    <ClInclude Include="src\Core\Deadworks.hpp">
      <Filter>Header Files</Filter>
    </ClInclude>
    <ClInclude Include="src\Logging\S2Logger.hpp">
      <Filter>Header Files</Filter>
    </ClInclude>
    <ClInclude Include="src\Hosting\DotNetHost.hpp">
      <Filter>Header Files</Filter>
    </ClInclude>
    <ClInclude Include="src\Core\Hooks\CoreHooks.hpp">
      <Filter>Header Files</Filter>
    </ClInclude>
    <ClInclude Include="..\protobuf\base_gcmessages.pb.h">
      <Filter>Header Files</Filter>
    </ClInclude>
    <ClInclude Include="..\protobuf\citadel_clientmessages.pb.h">
      <Filter>Header Files</Filter>
    </ClInclude>
    <ClInclude Include="..\protobuf\citadel_gcmessages_common.pb.h">
      <Filter>Header Files</Filter>
    </ClInclude>
    <ClInclude Include="..\protobuf\gcsdk_gcmessages.pb.h">
      <Filter>Header Files</Filter>
    </ClInclude>
    <ClInclude Include="..\protobuf\netmessages.pb.h">
      <Filter>Header Files</Filter>
    </ClInclude>
    <ClInclude Include="..\protobuf\network_connection.pb.h">
      <Filter>Header Files</Filter>
    </ClInclude>
    <ClInclude Include="..\protobuf\networkbasetypes.pb.h">
      <Filter>Header Files</Filter>
    </ClInclude>
    <ClInclude Include="..\protobuf\steammessages.pb.h">
      <Filter>Header Files</Filter>
    </ClInclude>
    <ClInclude Include="..\protobuf\steammessages_steamlearn.steamworkssdk.pb.h">
      <Filter>Header Files</Filter>
    </ClInclude>
    <ClInclude Include="..\protobuf\steammessages_unified_base.steamworkssdk.pb.h">
      <Filter>Header Files</Filter>
    </ClInclude>
    <ClInclude Include="..\protobuf\valveextensions.pb.h">
      <Filter>Header Files</Filter>
    </ClInclude>
    <ClInclude Include="src\Core\Hooks\Source2GameClients.hpp">
      <Filter>Header Files</Filter>
    </ClInclude>
    <ClInclude Include="src\Core\Hooks\Source2Server.hpp">
      <Filter>Header Files</Filter>
    </ClInclude>
    <ClInclude Include="src\Core\Hooks\CServerSideClientBase.hpp">
      <Filter>Header Files</Filter>
    </ClInclude>
    <ClInclude Include="src\Core\Hooks\CCitadelPlayerPawn.hpp">
      <Filter>Header Files</Filter>
    </ClInclude>
    <ClInclude Include="src\Core\Hooks\PostEventAbstract.hpp">
      <Filter>Header Files</Filter>
    </ClInclude>
    <ClInclude Include="src\Core\Hooks\GameEvents.hpp">
      <Filter>Header Files</Filter>
    </ClInclude>
    <ClInclude Include="..\protobuf\networksystem_protomessages.pb.h">
      <Filter>Header Files</Filter>
    </ClInclude>
    <ClInclude Include="..\protobuf\source2_steam_stats.pb.h">
      <Filter>Header Files</Filter>
    </ClInclude>
    <ClInclude Include="src\SDK\Core.hpp">
      <Filter>Header Files</Filter>
    </ClInclude>
    <ClInclude Include="src\SDK\Schema\Schema.hpp">
      <Filter>Header Files</Filter>
    </ClInclude>
    <ClInclude Include="src\SDK\CCitadelPlayerController.hpp">
      <Filter>Header Files</Filter>
    </ClInclude>
    <ClInclude Include="src\SDK\CBaseEntity.hpp">
      <Filter>Header Files</Filter>
    </ClInclude>
    <ClInclude Include="src\Lib\Virtual.hpp">
      <Filter>Header Files</Filter>
    </ClInclude>
    <ClInclude Include="src\SDK\CBasePlayerController.hpp">
      <Filter>Header Files</Filter>
    </ClInclude>
    <ClInclude Include="src\SDK\CBasePlayerPawn.hpp">
      <Filter>Header Files</Filter>
    </ClInclude>
    <ClInclude Include="src\SDK\CCitadelPlayerPawn.hpp">
      <Filter>Header Files</Filter>
    </ClInclude>
    <ClInclude Include="..\protobuf\citadel_usermessages.pb.h">
      <Filter>Header Files</Filter>
    </ClInclude>
    <ClInclude Include="..\protobuf\gameevents.pb.h">
      <Filter>Header Files</Filter>
    </ClInclude>
    <ClInclude Include="src\Utils\String.hpp">
      <Filter>Header Files</Filter>
    </ClInclude>
    <ClInclude Include="src\SDK\Util.hpp">
      <Filter>Header Files</Filter>
    </ClInclude>
    <ClInclude Include="src\Core\Hooks\CBaseEntity.hpp">
      <Filter>Header Files</Filter>
    </ClInclude>
    <ClInclude Include="src\Core\Hooks\NetworkServerService.hpp">
      <Filter>Header Files</Filter>
    </ClInclude>
    <ClInclude Include="src\SDK\CTakeDamageInfo.hpp">
      <Filter>Header Files</Filter>
    </ClInclude>
    <ClInclude Include="src\SDK\CTakeDamageResult.hpp">
      <Filter>Header Files</Filter>
    </ClInclude>
    <ClInclude Include="src\SDK\Enums.hpp">
      <Filter>Header Files</Filter>
    </ClInclude>
    <ClInclude Include="src\pch.hpp">
      <Filter>Header Files</Filter>
    </ClInclude>
    <ClInclude Include="src\Core\Hooks\CCitadelPlayerController.hpp">
      <Filter>Header Files</Filter>
    </ClInclude>
    <ClInclude Include="src\Core\Hooks\BuildGameSessionManifest.hpp">
      <Filter>Header Files</Filter>
    </ClInclude>
    <ClInclude Include="src\SDK\CEntitySystem.hpp">
      <Filter>Header Files</Filter>
    </ClInclude>
    <ClInclude Include="src\Core\Hooks\TraceShape.hpp">
      <Filter>Header Files</Filter>
    </ClInclude>
    <ClInclude Include="src\Core\Hooks\EntityIO.hpp">
      <Filter>Header Files</Filter>
    </ClInclude>
    <ClInclude Include="src\Core\Hooks\ProcessUsercmds.hpp">
      <Filter>Header Files</Filter>
    </ClInclude>
    <ClInclude Include="src\Core\Hooks\AbilityThink.hpp">
      <Filter>Header Files</Filter>
    </ClInclude>
    <ClInclude Include="src\Core\NativeCallbacks.hpp">
      <Filter>Header Files</Filter>
    </ClInclude>
    <ClInclude Include="src\Core\NativeOffsets.hpp">
      <Filter>Header Files</Filter>
    </ClInclude>
    <ClInclude Include="src\Core\NativeAbility.hpp">
      <Filter>Header Files</Filter>
    </ClInclude>
    <ClInclude Include="src\Core\NativeDamage.hpp">
      <Filter>Header Files</Filter>
    </ClInclude>
    <ClInclude Include="src\Core\NativeHero.hpp">
      <Filter>Header Files</Filter>
    </ClInclude>
    <ClInclude Include="src\Core\ManagedCallbacks.hpp">
      <Filter>Header Files</Filter>
    </ClInclude>
    <ClInclude Include="src\Logging\ConsoleLogger.hpp">
      <Filter>Header Files</Filter>
    </ClInclude>
    <ClInclude Include="src\SDK\CCitadelModifierVData.hpp">
      <Filter>Header Files</Filter>
    </ClInclude>
    <ClInclude Include="src\SDK\CCitadelBaseAbility.hpp">
      <Filter>Header Files</Filter>
    </ClInclude>
    <ClInclude Include="src\SDK\CCitadelAbilityComponent.hpp">
      <Filter>Header Files</Filter>
    </ClInclude>
    <ClInclude Include="src\SDK\CBaseModifier.hpp">
      <Filter>Header Files</Filter>
    </ClInclude>
    <ClInclude Include="src\SDK\CModifierProperty.hpp">
      <Filter>Header Files</Filter>
    </ClInclude>
    <ClInclude Include="src\SDK\CitadelAbilityProperty.hpp">
      <Filter>Header Files</Filter>
    </ClInclude>
    <ClInclude Include="src\SDK\CitadelAbilityVData.hpp">
      <Filter>Header Files</Filter>
    </ClInclude>
    <ClInclude Include="src\SDK\CGameSceneNode.hpp">
      <Filter>Header Files</Filter>
    </ClInclude>
  </ItemGroup>
</Project>